// !$*UTF8*$!
{
	archiveVersion = 1;
	classes = {
	};
	objectVersion = 46;
	objects = {

/* Begin PBXBuildFile section */
		0B39D73E1DF003B200E7DB9E /* main.m in Sources */ = {isa = PBXBuildFile; fileRef = 0B39D73D1DF003B200E7DB9E /* main.m */; };
		0B39D7411DF003B200E7DB9E /* AppDelegate.m in Sources */ = {isa = PBXBuildFile; fileRef = 0B39D7401DF003B200E7DB9E /* AppDelegate.m */; };
		0B39D7441DF003B200E7DB9E /* ViewController.m in Sources */ = {isa = PBXBuildFile; fileRef = 0B39D7431DF003B200E7DB9E /* ViewController.m */; };
		0B39D7471DF003B200E7DB9E /* Main.storyboard in Resources */ = {isa = PBXBuildFile; fileRef = 0B39D7451DF003B200E7DB9E /* Main.storyboard */; };
		0B39D7491DF003B200E7DB9E /* Assets.xcassets in Resources */ = {isa = PBXBuildFile; fileRef = 0B39D7481DF003B200E7DB9E /* Assets.xcassets */; };
		0B39D74C1DF003B200E7DB9E /* LaunchScreen.storyboard in Resources */ = {isa = PBXBuildFile; fileRef = 0B39D74A1DF003B200E7DB9E /* LaunchScreen.storyboard */; };
		0B39D7541DF004D500E7DB9E /* hello.gif in Resources */ = {isa = PBXBuildFile; fileRef = 0B39D7531DF004D500E7DB9E /* hello.gif */; };
		41A6D1BB1EE04BDE24A33015 /* libPods-LCQHUDLearn.a in Frameworks */ = {isa = PBXBuildFile; fileRef = B1E3FDA5F70A1C30321A2430 /* libPods-LCQHUDLearn.a */; };
/* End PBXBuildFile section */

/* Begin PBXFileReference section */
		0B39D7391DF003B200E7DB9E /* LCQHUDLearn.app */ = {isa = PBXFileReference; explicitFileType = wrapper.application; includeInIndex = 0; path = LCQHUDLearn.app; sourceTree = BUILT_PRODUCTS_DIR; };
		0B39D73D1DF003B200E7DB9E /* main.m */ = {isa = PBXFileReference; lastKnownFileType = sourcecode.c.objc; path = main.m; sourceTree = "<group>"; };
		0B39D73F1DF003B200E7DB9E /* AppDelegate.h */ = {isa = PBXFileReference; lastKnownFileType = sourcecode.c.h; path = AppDelegate.h; sourceTree = "<group>"; };
		0B39D7401DF003B200E7DB9E /* AppDelegate.m */ = {isa = PBXFileReference; lastKnownFileType = sourcecode.c.objc; path = AppDelegate.m; sourceTree = "<group>"; };
		0B39D7421DF003B200E7DB9E /* ViewController.h */ = {isa = PBXFileReference; lastKnownFileType = sourcecode.c.h; path = ViewController.h; sourceTree = "<group>"; };
		0B39D7431DF003B200E7DB9E /* ViewController.m */ = {isa = PBXFileReference; lastKnownFileType = sourcecode.c.objc; path = ViewController.m; sourceTree = "<group>"; };
		0B39D7461DF003B200E7DB9E /* Base */ = {isa = PBXFileReference; lastKnownFileType = file.storyboard; name = Base; path = Base.lproj/Main.storyboard; sourceTree = "<group>"; };
		0B39D7481DF003B200E7DB9E /* Assets.xcassets */ = {isa = PBXFileReference; lastKnownFileType = folder.assetcatalog; path = Assets.xcassets; sourceTree = "<group>"; };
		0B39D74B1DF003B200E7DB9E /* Base */ = {isa = PBXFileReference; lastKnownFileType = file.storyboard; name = Base; path = Base.lproj/LaunchScreen.storyboard; sourceTree = "<group>"; };
		0B39D74D1DF003B200E7DB9E /* Info.plist */ = {isa = PBXFileReference; lastKnownFileType = text.plist.xml; path = Info.plist; sourceTree = "<group>"; };
		0B39D7531DF004D500E7DB9E /* hello.gif */ = {isa = PBXFileReference; lastKnownFileType = image.gif; path = hello.gif; sourceTree = "<group>"; };
		7DDC4232D171AE5BD986E5DD /* Pods-LCQHUDLearn.release.xcconfig */ = {isa = PBXFileReference; includeInIndex = 1; lastKnownFileType = text.xcconfig; name = "Pods-LCQHUDLearn.release.xcconfig"; path = "Pods/Target Support Files/Pods-LCQHUDLearn/Pods-LCQHUDLearn.release.xcconfig"; sourceTree = "<group>"; };
		B1E3FDA5F70A1C30321A2430 /* libPods-LCQHUDLearn.a */ = {isa = PBXFileReference; explicitFileType = archive.ar; includeInIndex = 0; path = "libPods-LCQHUDLearn.a"; sourceTree = BUILT_PRODUCTS_DIR; };
		EABDF5D2F3C6B27F2A44D1C7 /* Pods-LCQHUDLearn.debug.xcconfig */ = {isa = PBXFileReference; includeInIndex = 1; lastKnownFileType = text.xcconfig; name = "Pods-LCQHUDLearn.debug.xcconfig"; path = "Pods/Target Support Files/Pods-LCQHUDLearn/Pods-LCQHUDLearn.debug.xcconfig"; sourceTree = "<group>"; };
/* End PBXFileReference section */

/* Begin PBXFrameworksBuildPhase section */
		0B39D7361DF003B200E7DB9E /* Frameworks */ = {
			isa = PBXFrameworksBuildPhase;
			buildActionMask = 2147483647;
			files = (
				41A6D1BB1EE04BDE24A33015 /* libPods-LCQHUDLearn.a in Frameworks */,
			);
			runOnlyForDeploymentPostprocessing = 0;
		};
/* End PBXFrameworksBuildPhase section */

/* Begin PBXGroup section */
		0B39D7301DF003B200E7DB9E = {
			isa = PBXGroup;
			children = (
				0B39D73B1DF003B200E7DB9E /* LCQHUDLearn */,
				0B39D73A1DF003B200E7DB9E /* Products */,
				6CDCD3E11446BE377E71D3CF /* Pods */,
				685C1906F62290AAB2519C6B /* Frameworks */,
			);
			sourceTree = "<group>";
		};
		0B39D73A1DF003B200E7DB9E /* Products */ = {
			isa = PBXGroup;
			children = (
				0B39D7391DF003B200E7DB9E /* LCQHUDLearn.app */,
			);
			name = Products;
			sourceTree = "<group>";
		};
		0B39D73B1DF003B200E7DB9E /* LCQHUDLearn */ = {
			isa = PBXGroup;
			children = (
				0B39D73F1DF003B200E7DB9E /* AppDelegate.h */,
				0B39D7401DF003B200E7DB9E /* AppDelegate.m */,
				0B39D7421DF003B200E7DB9E /* ViewController.h */,
				0B39D7431DF003B200E7DB9E /* ViewController.m */,
				0B39D7451DF003B200E7DB9E /* Main.storyboard */,
				0B39D7531DF004D500E7DB9E /* hello.gif */,
				0B39D7481DF003B200E7DB9E /* Assets.xcassets */,
				0B39D74A1DF003B200E7DB9E /* LaunchScreen.storyboard */,
				0B39D74D1DF003B200E7DB9E /* Info.plist */,
				0B39D73C1DF003B200E7DB9E /* Supporting Files */,
			);
			path = LCQHUDLearn;
			sourceTree = "<group>";
		};
		0B39D73C1DF003B200E7DB9E /* Supporting Files */ = {
			isa = PBXGroup;
			children = (
				0B39D73D1DF003B200E7DB9E /* main.m */,
			);
			name = "Supporting Files";
			sourceTree = "<group>";
		};
		685C1906F62290AAB2519C6B /* Frameworks */ = {
			isa = PBXGroup;
			children = (
				B1E3FDA5F70A1C30321A2430 /* libPods-LCQHUDLearn.a */,
			);
			name = Frameworks;
			sourceTree = "<group>";
		};
		6CDCD3E11446BE377E71D3CF /* Pods */ = {
			isa = PBXGroup;
			children = (
				EABDF5D2F3C6B27F2A44D1C7 /* Pods-LCQHUDLearn.debug.xcconfig */,
				7DDC4232D171AE5BD986E5DD /* Pods-LCQHUDLearn.release.xcconfig */,
			);
			name = Pods;
			sourceTree = "<group>";
		};
/* End PBXGroup section */

/* Begin PBXNativeTarget section */
		0B39D7381DF003B200E7DB9E /* LCQHUDLearn */ = {
			isa = PBXNativeTarget;
			buildConfigurationList = 0B39D7501DF003B200E7DB9E /* Build configuration list for PBXNativeTarget "LCQHUDLearn" */;
			buildPhases = (
				6A2366D8296DB8DF53A73483 /* [CP] Check Pods Manifest.lock */,
				0B39D7351DF003B200E7DB9E /* Sources */,
				0B39D7361DF003B200E7DB9E /* Frameworks */,
				0B39D7371DF003B200E7DB9E /* Resources */,
				691E3BD879C5F47CD69DDC7C /* [CP] Embed Pods Frameworks */,
				54A87B4069F11545B0C6A7B9 /* [CP] Copy Pods Resources */,
			);
			buildRules = (
			);
			dependencies = (
			);
			name = LCQHUDLearn;
			productName = LCQHUDLearn;
			productReference = 0B39D7391DF003B200E7DB9E /* LCQHUDLearn.app */;
			productType = "com.apple.product-type.application";
		};
/* End PBXNativeTarget section */

/* Begin PBXProject section */
		0B39D7311DF003B200E7DB9E /* Project object */ = {
			isa = PBXProject;
			attributes = {
				LastUpgradeCheck = 0810;
				ORGANIZATIONNAME = "李长青";
				TargetAttributes = {
					0B39D7381DF003B200E7DB9E = {
						CreatedOnToolsVersion = 8.1;
						DevelopmentTeam = 43MQ2SL293;
						ProvisioningStyle = Automatic;
					};
				};
			};
			buildConfigurationList = 0B39D7341DF003B200E7DB9E /* Build configuration list for PBXProject "LCQHUDLearn" */;
			compatibilityVersion = "Xcode 3.2";
			developmentRegion = English;
			hasScannedForEncodings = 0;
			knownRegions = (
				en,
				Base,
			);
			mainGroup = 0B39D7301DF003B200E7DB9E;
			productRefGroup = 0B39D73A1DF003B200E7DB9E /* Products */;
			projectDirPath = "";
			projectRoot = "";
			targets = (
				0B39D7381DF003B200E7DB9E /* LCQHUDLearn */,
			);
		};
/* End PBXProject section */

/* Begin PBXResourcesBuildPhase section */
		0B39D7371DF003B200E7DB9E /* Resources */ = {
			isa = PBXResourcesBuildPhase;
			buildActionMask = 2147483647;
			files = (
				0B39D74C1DF003B200E7DB9E /* LaunchScreen.storyboard in Resources */,
				0B39D7541DF004D500E7DB9E /* hello.gif in Resources */,
				0B39D7491DF003B200E7DB9E /* Assets.xcassets in Resources */,
				0B39D7471DF003B200E7DB9E /* Main.storyboard in Resources */,
			);
			runOnlyForDeploymentPostprocessing = 0;
		};
/* End PBXResourcesBuildPhase section */

/* Begin PBXShellScriptBuildPhase section */
		54A87B4069F11545B0C6A7B9 /* [CP] Copy Pods Resources */ = {
			isa = PBXShellScriptBuildPhase;
			buildActionMask = 2147483647;
			files = (
			);
			inputPaths = (
			);
			name = "[CP] Copy Pods Resources";
			outputPaths = (
			);
			runOnlyForDeploymentPostprocessing = 0;
			shellPath = /bin/sh;
			shellScript = "\"${SRCROOT}/Pods/Target Support Files/Pods-LCQHUDLearn/Pods-LCQHUDLearn-resources.sh\"\n";
			showEnvVarsInLog = 0;
		};
		691E3BD879C5F47CD69DDC7C /* [CP] Embed Pods Frameworks */ = {
			isa = PBXShellScriptBuildPhase;
			buildActionMask = 2147483647;
			files = (
			);
			inputPaths = (
			);
			name = "[CP] Embed Pods Frameworks";
			outputPaths = (
			);
			runOnlyForDeploymentPostprocessing = 0;
			shellPath = /bin/sh;
			shellScript = "\"${SRCROOT}/Pods/Target Support Files/Pods-LCQHUDLearn/Pods-LCQHUDLearn-frameworks.sh\"\n";
			showEnvVarsInLog = 0;
		};
		6A2366D8296DB8DF53A73483 /* [CP] Check Pods Manifest.lock */ = {
			isa = PBXShellScriptBuildPhase;
			buildActionMask = 2147483647;
			files = (
			);
			inputPaths = (
			);
			name = "[CP] Check Pods Manifest.lock";
			outputPaths = (
			);
			runOnlyForDeploymentPostprocessing = 0;
			shellPath = /bin/sh;
			shellScript = "diff \"${PODS_ROOT}/../Podfile.lock\" \"${PODS_ROOT}/Manifest.lock\" > /dev/null\nif [ $? != 0 ] ; then\n    # print error to STDERR\n    echo \"error: The sandbox is not in sync with the Podfile.lock. Run 'pod install' or update your CocoaPods installation.\" >&2\n    exit 1\nfi\n";
			showEnvVarsInLog = 0;
		};
/* End PBXShellScriptBuildPhase section */

/* Begin PBXSourcesBuildPhase section */
		0B39D7351DF003B200E7DB9E /* Sources */ = {
			isa = PBXSourcesBuildPhase;
			buildActionMask = 2147483647;
			files = (
				0B39D7441DF003B200E7DB9E /* ViewController.m in Sources */,
				0B39D7411DF003B200E7DB9E /* AppDelegate.m in Sources */,
				0B39D73E1DF003B200E7DB9E /* main.m in Sources */,
			);
			runOnlyForDeploymentPostprocessing = 0;
		};
/* End PBXSourcesBuildPhase section */

/* Begin PBXVariantGroup section */
		0B39D7451DF003B200E7DB9E /* Main.storyboard */ = {
			isa = PBXVariantGroup;
			children = (
				0B39D7461DF003B200E7DB9E /* Base */,
			);
			name = Main.storyboard;
			sourceTree = "<group>";
		};
		0B39D74A1DF003B200E7DB9E /* LaunchScreen.storyboard */ = {
			isa = PBXVariantGroup;
			children = (
				0B39D74B1DF003B200E7DB9E /* Base */,
			);
			name = LaunchScreen.storyboard;
			sourceTree = "<group>";
		};
/* End PBXVariantGroup section */

/* Begin XCBuildConfiguration section */
		0B39D74E1DF003B200E7DB9E /* Debug */ = {
			isa = XCBuildConfiguration;
			buildSettings = {
				ALWAYS_SEARCH_USER_PATHS = NO;
				CLANG_ANALYZER_NONNULL = YES;
				CLANG_CXX_LANGUAGE_STANDARD = "gnu++0x";
				CLANG_CXX_LIBRARY = "libc++";
				CLANG_ENABLE_MODULES = YES;
				CLANG_ENABLE_OBJC_ARC = YES;
				CLANG_WARN_BOOL_CONVERSION = YES;
				CLANG_WARN_CONSTANT_CONVERSION = YES;
				CLANG_WARN_DIRECT_OBJC_ISA_USAGE = YES_ERROR;
				CLANG_WARN_DOCUMENTATION_COMMENTS = YES;
				CLANG_WARN_EMPTY_BODY = YES;
				CLANG_WARN_ENUM_CONVERSION = YES;
				CLANG_WARN_INFINITE_RECURSION = YES;
				CLANG_WARN_INT_CONVERSION = YES;
				CLANG_WARN_OBJC_ROOT_CLASS = YES_ERROR;
				CLANG_WARN_SUSPICIOUS_MOVES = YES;
				CLANG_WARN_UNREACHABLE_CODE = YES;
				CLANG_WARN__DUPLICATE_METHOD_MATCH = YES;
				"CODE_SIGN_IDENTITY[sdk=iphoneos*]" = "iPhone Developer";
				COPY_PHASE_STRIP = NO;
				DEBUG_INFORMATION_FORMAT = dwarf;
				ENABLE_STRICT_OBJC_MSGSEND = YES;
				ENABLE_TESTABILITY = YES;
				GCC_C_LANGUAGE_STANDARD = gnu99;
				GCC_DYNAMIC_NO_PIC = NO;
				GCC_NO_COMMON_BLOCKS = YES;
				GCC_OPTIMIZATION_LEVEL = 0;
				GCC_PREPROCESSOR_DEFINITIONS = (
					"DEBUG=1",
					"$(inherited)",
				);
				GCC_WARN_64_TO_32_BIT_CONVERSION = YES;
				GCC_WARN_ABOUT_RETURN_TYPE = YES_ERROR;
				GCC_WARN_UNDECLARED_SELECTOR = YES;
				GCC_WARN_UNINITIALIZED_AUTOS = YES_AGGRESSIVE;
				GCC_WARN_UNUSED_FUNCTION = YES;
				GCC_WARN_UNUSED_VARIABLE = YES;
				IPHONEOS_DEPLOYMENT_TARGET = 10.1;
				MTL_ENABLE_DEBUG_INFO = YES;
				ONLY_ACTIVE_ARCH = YES;
				SDKROOT = iphoneos;
			};
			name = Debug;
		};
		0B39D74F1DF003B200E7DB9E /* Release */ = {
			isa = XCBuildConfiguration;
			buildSettings = {
				ALWAYS_SEARCH_USER_PATHS = NO;
				CLANG_ANALYZER_NONNULL = YES;
				CLANG_CXX_LANGUAGE_STANDARD = "gnu++0x";
				CLANG_CXX_LIBRARY = "libc++";
				CLANG_ENABLE_MODULES = YES;
				CLANG_ENABLE_OBJC_ARC = YES;
				CLANG_WARN_BOOL_CONVERSION = YES;
				CLANG_WARN_CONSTANT_CONVERSION = YES;
				CLANG_WARN_DIRECT_OBJC_ISA_USAGE = YES_ERROR;
				CLANG_WARN_DOCUMENTATION_COMMENTS = YES;
				CLANG_WARN_EMPTY_BODY = YES;
				CLANG_WARN_ENUM_CONVERSION = YES;
				CLANG_WARN_INFINITE_RECURSION = YES;
				CLANG_WARN_INT_CONVERSION = YES;
				CLANG_WARN_OBJC_ROOT_CLASS = YES_ERROR;
				CLANG_WARN_SUSPICIOUS_MOVES = YES;
				CLANG_WARN_UNREACHABLE_CODE = YES;
				CLANG_WARN__DUPLICATE_METHOD_MATCH = YES;
				"CODE_SIGN_IDENTITY[sdk=iphoneos*]" = "iPhone Developer";
				COPY_PHASE_STRIP = NO;
				DEBUG_INFORMATION_FORMAT = "dwarf-with-dsym";
				ENABLE_NS_ASSERTIONS = NO;
				ENABLE_STRICT_OBJC_MSGSEND = YES;
				GCC_C_LANGUAGE_STANDARD = gnu99;
				GCC_NO_COMMON_BLOCKS = YES;
				GCC_WARN_64_TO_32_BIT_CONVERSION = YES;
				GCC_WARN_ABOUT_RETURN_TYPE = YES_ERROR;
				GCC_WARN_UNDECLARED_SELECTOR = YES;
				GCC_WARN_UNINITIALIZED_AUTOS = YES_AGGRESSIVE;
				GCC_WARN_UNUSED_FUNCTION = YES;
				GCC_WARN_UNUSED_VARIABLE = YES;
				IPHONEOS_DEPLOYMENT_TARGET = 10.1;
				MTL_ENABLE_DEBUG_INFO = NO;
				SDKROOT = iphoneos;
				VALIDATE_PRODUCT = YES;
			};
			name = Release;
		};
		0B39D7511DF003B200E7DB9E /* Debug */ = {
			isa = XCBuildConfiguration;
			baseConfigurationReference = EABDF5D2F3C6B27F2A44D1C7 /* Pods-LCQHUDLearn.debug.xcconfig */;
			buildSettings = {
				ASSETCATALOG_COMPILER_APPICON_NAME = AppIcon;
				DEVELOPMENT_TEAM = 43MQ2SL293;
				INFOPLIST_FILE = LCQHUDLearn/Info.plist;
				LD_RUNPATH_SEARCH_PATHS = "$(inherited) @executable_path/Frameworks";
				PRODUCT_BUNDLE_IDENTIFIER = lcq.LCQHUDLearn;
				PRODUCT_NAME = "$(TARGET_NAME)";
			};
			name = Debug;
		};
		0B39D7521DF003B200E7DB9E /* Release */ = {
			isa = XCBuildConfiguration;
			baseConfigurationReference = 7DDC4232D171AE5BD986E5DD /* Pods-LCQHUDLearn.release.xcconfig */;
			buildSettings = {
				ASSETCATALOG_COMPILER_APPICON_NAME = AppIcon;
				DEVELOPMENT_TEAM = 43MQ2SL293;
				INFOPLIST_FILE = LCQHUDLearn/Info.plist;
				LD_RUNPATH_SEARCH_PATHS = "$(inherited) @executable_path/Frameworks";
				PRODUCT_BUNDLE_IDENTIFIER = lcq.LCQHUDLearn;
				PRODUCT_NAME = "$(TARGET_NAME)";
			};
			name = Release;
		};
/* End XCBuildConfiguration section */

/* Begin XCConfigurationList section */
		0B39D7341DF003B200E7DB9E /* Build configuration list for PBXProject "LCQHUDLearn" */ = {
			isa = XCConfigurationList;
			buildConfigurations = (
				0B39D74E1DF003B200E7DB9E /* Debug */,
				0B39D74F1DF003B200E7DB9E /* Release */,
			);
			defaultConfigurationIsVisible = 0;
			defaultConfigurationName = Release;
		};
		0B39D7501DF003B200E7DB9E /* Build configuration list for PBXNativeTarget "LCQHUDLearn" */ = {
			isa = XCConfigurationList;
			buildConfigurations = (
				0B39D7511DF003B200E7DB9E /* Debug */,
				0B39D7521DF003B200E7DB9E /* Release */,
			);
			defaultConfigurationIsVisible = 0;
			defaultConfigurationName = Release;
		};
/* End XCConfigurationList section */
	};
	rootObject = 0B39D7311DF003B200E7DB9E /* Project object */;
}
